
Microsoft Visual Studio Solution File, Format Version 12.00
# Visual Studio Version 17
VisualStudioVersion = 17.13.35806.99
MinimumVisualStudioVersion = 10.0.40219.1
Project("{FAE04EC0-301F-11D3-BF4B-00C04F79EFBC}") = "TP1", "TP1\TP1.csproj", "{17DDDA7F-3CBE-4CB6-9570-4247D0ECC7AF}"
EndProject
Project("{FAE04EC0-301F-11D3-BF4B-00C04F79EFBC}") = "Tp21", "Tp21\Tp21.csproj", "{90B24C77-E31B-42FD-B422-DA9533F9BF81}"
EndProject
Project("{FAE04EC0-301F-11D3-BF4B-00C04F79EFBC}") = "Tp5", "Tp5\Tp5.csproj", "{170811FC-7F5D-4B7C-A3A0-18439DE426A8}"
EndProject
Global
	GlobalSection(SolutionConfigurationPlatforms) = preSolution
		Debug|Any CPU = Debug|Any CPU
		Release|Any CPU = Release|Any CPU
	EndGlobalSection
	GlobalSection(ProjectConfigurationPlatforms) = postSolution
		{17DDDA7F-3CBE-4CB6-9570-4247D0ECC7AF}.Debug|Any CPU.ActiveCfg = Debug|Any CPU
		{17DDDA7F-3CBE-4CB6-9570-4247D0ECC7AF}.Debug|Any CPU.Build.0 = Debug|Any CPU
		{17DDDA7F-3CBE-4CB6-9570-4247D0ECC7AF}.Release|Any CPU.ActiveCfg = Release|Any CPU
		{17DDDA7F-3CBE-4CB6-9570-4247D0ECC7AF}.Release|Any CPU.Build.0 = Release|Any CPU
		{90B24C77-E31B-42FD-B422-DA9533F9BF81}.Debug|Any CPU.ActiveCfg = Debug|Any CPU
		{90B24C77-E31B-42FD-B422-DA9533F9BF81}.Debug|Any CPU.Build.0 = Debug|Any CPU
		{90B24C77-E31B-42FD-B422-DA9533F9BF81}.Release|Any CPU.ActiveCfg = Release|Any CPU
		{90B24C77-E31B-42FD-B422-DA9533F9BF81}.Release|Any CPU.Build.0 = Release|Any CPU
		{170811FC-7F5D-4B7C-A3A0-18439DE426A8}.Debug|Any CPU.ActiveCfg = Debug|Any CPU
		{170811FC-7F5D-4B7C-A3A0-18439DE426A8}.Debug|Any CPU.Build.0 = Debug|Any CPU
		{170811FC-7F5D-4B7C-A3A0-18439DE426A8}.Release|Any CPU.ActiveCfg = Release|Any CPU
		{170811FC-7F5D-4B7C-A3A0-18439DE426A8}.Release|Any CPU.Build.0 = Release|Any CPU
	EndGlobalSection
	GlobalSection(SolutionProperties) = preSolution
		HideSolutionNode = FALSE
	EndGlobalSection
	GlobalSection(ExtensibilityGlobals) = postSolution
		SolutionGuid = {38725521-F5E2-429A-801A-D6EFF4750926}
	EndGlobalSection
EndGlobal
